
Microsoft Visual Studio Solution File, Format Version 12.00
# Visual Studio Version 16
VisualStudioVersion = 16.0.29728.190
MinimumVisualStudioVersion = 10.0.40219.1
Project("{9A19103F-16F7-4668-BE54-9A1E7A4F7556}") = "ToDoApp.API", "ToDoApp.API\ToDoApp.API.csproj", "{61C77BE8-5C66-4F4A-ABDC-62FB0B7761C2}"
EndProject
Project("{9A19103F-16F7-4668-BE54-9A1E7A4F7556}") = "ToDoApp.Core", "ToDoApp.Core\ToDoApp.Core.csproj", "{923BB794-FA88-4511-9C33-AC8EB4FD2333}"
EndProject
Project("{9A19103F-16F7-4668-BE54-9A1E7A4F7556}") = "ToDoApp.Data", "ToDoApp.Data\ToDoApp.Data.csproj", "{A16C0CB7-8A19-44A5-B9A7-60E32FCDE04F}"
EndProject
Project("{9A19103F-16F7-4668-BE54-9A1E7A4F7556}") = "ToDoApp.Service", "ToDoApp.Service\ToDoApp.Service.csproj", "{52C51383-6439-4C32-BB6C-1B6F124C4FDB}"
EndProject
Project("{FAE04EC0-301F-11D3-BF4B-00C04F79EFBC}") = "ToDoApp.Web", "ToDoApp.Web\ToDoApp.Web.csproj", "{D7468286-F885-42F3-8804-E7758FD0F5A8}"
EndProject
Global
	GlobalSection(SolutionConfigurationPlatforms) = preSolution
		Debug|Any CPU = Debug|Any CPU
		Release|Any CPU = Release|Any CPU
	EndGlobalSection
	GlobalSection(ProjectConfigurationPlatforms) = postSolution
		{61C77BE8-5C66-4F4A-ABDC-62FB0B7761C2}.Debug|Any CPU.ActiveCfg = Debug|Any CPU
		{61C77BE8-5C66-4F4A-ABDC-62FB0B7761C2}.Debug|Any CPU.Build.0 = Debug|Any CPU
		{61C77BE8-5C66-4F4A-ABDC-62FB0B7761C2}.Release|Any CPU.ActiveCfg = Release|Any CPU
		{61C77BE8-5C66-4F4A-ABDC-62FB0B7761C2}.Release|Any CPU.Build.0 = Release|Any CPU
		{923BB794-FA88-4511-9C33-AC8EB4FD2333}.Debug|Any CPU.ActiveCfg = Debug|Any CPU
		{923BB794-FA88-4511-9C33-AC8EB4FD2333}.Debug|Any CPU.Build.0 = Debug|Any CPU
		{923BB794-FA88-4511-9C33-AC8EB4FD2333}.Release|Any CPU.ActiveCfg = Release|Any CPU
		{923BB794-FA88-4511-9C33-AC8EB4FD2333}.Release|Any CPU.Build.0 = Release|Any CPU
		{A16C0CB7-8A19-44A5-B9A7-60E32FCDE04F}.Debug|Any CPU.ActiveCfg = Debug|Any CPU
		{A16C0CB7-8A19-44A5-B9A7-60E32FCDE04F}.Debug|Any CPU.Build.0 = Debug|Any CPU
		{A16C0CB7-8A19-44A5-B9A7-60E32FCDE04F}.Release|Any CPU.ActiveCfg = Release|Any CPU
		{A16C0CB7-8A19-44A5-B9A7-60E32FCDE04F}.Release|Any CPU.Build.0 = Release|Any CPU
		{52C51383-6439-4C32-BB6C-1B6F124C4FDB}.Debug|Any CPU.ActiveCfg = Debug|Any CPU
		{52C51383-6439-4C32-BB6C-1B6F124C4FDB}.Debug|Any CPU.Build.0 = Debug|Any CPU
		{52C51383-6439-4C32-BB6C-1B6F124C4FDB}.Release|Any CPU.ActiveCfg = Release|Any CPU
		{52C51383-6439-4C32-BB6C-1B6F124C4FDB}.Release|Any CPU.Build.0 = Release|Any CPU
		{D7468286-F885-42F3-8804-E7758FD0F5A8}.Debug|Any CPU.ActiveCfg = Debug|Any CPU
		{D7468286-F885-42F3-8804-E7758FD0F5A8}.Debug|Any CPU.Build.0 = Debug|Any CPU
		{D7468286-F885-42F3-8804-E7758FD0F5A8}.Release|Any CPU.ActiveCfg = Release|Any CPU
		{D7468286-F885-42F3-8804-E7758FD0F5A8}.Release|Any CPU.Build.0 = Release|Any CPU
	EndGlobalSection
	GlobalSection(SolutionProperties) = preSolution
		HideSolutionNode = FALSE
	EndGlobalSection
	GlobalSection(ExtensibilityGlobals) = postSolution
		SolutionGuid = {F7ADF987-916A-4B58-B573-EE01F8FEE587}
	EndGlobalSection
EndGlobal
